
Microsoft Visual Studio Solution File, Format Version 10.00
# Visual Studio 2008
Project("{8BC9CEB8-8B4A-11D0-8D11-00A0C91BC942}") = "JadeLib", "JadeLib.vcproj", "{AB3FB8A5-82CB-44C2-9E41-ED7B503E7F6F}"
EndProject
Global
	GlobalSection(SolutionConfigurationPlatforms) = preSolution
		Debug|Win32 = Debug|Win32
		Release|Win32 = Release|Win32
	EndGlobalSection
	GlobalSection(ProjectConfigurationPlatforms) = postSolution
		{AB3FB8A5-82CB-44C2-9E41-ED7B503E7F6F}.Debug|Win32.ActiveCfg = Debug|Win32
		{AB3FB8A5-82CB-44C2-9E41-ED7B503E7F6F}.Debug|Win32.Build.0 = Debug|Win32
		{AB3FB8A5-82CB-44C2-9E41-ED7B503E7F6F}.Release|Win32.ActiveCfg = Release|Win32
		{AB3FB8A5-82CB-44C2-9E41-ED7B503E7F6F}.Release|Win32.Build.0 = Release|Win32
	EndGlobalSection
	GlobalSection(SolutionProperties) = preSolution
		HideSolutionNode = FALSE
	EndGlobalSection
EndGlobal
